{
  "lockfileVersion": 1,
  "configVersion": 1,
  "workspaces": {
    "": {
      "name": "datastar-electron",
      "dependencies": {
        "@starfederation/datastar-sdk": "^1.0.0",
      },
      "devDependencies": {
        "@typescript/native-preview": "^7.0.0-dev.20260514.1",
        "electron": "^42.1.0",
      },
    },
  },
  "packages": {
    "@electron/get": ["@electron/get@5.0.0", "", { "dependencies": { "debug": "^4.1.1", "env-paths": "^3.0.0", "graceful-fs": "^4.2.11", "progress": "^2.0.3", "semver": "^7.6.3", "sumchecker": "^3.0.1" }, "optionalDependencies": { "undici": "^7.24.4" } }, "sha512-pjoBpru1KdEtcExBnuHAP1cAc/5faoedw0hzJkL3o4/IJp7HNF1+fbrdxT3gMYRX2oJfvnA/WXeCTVQpYYxyJA=="],

    "@starfederation/datastar-sdk": ["@starfederation/datastar-sdk@1.0.0", "", {}, "sha512-VT1co9LeRLJ3wynffvkxXLJaCh4PHt1YUhH3zCQYhjTuaeWjozNjQQrg+BUbkDMO58mSgeQp9pgOXRWciy0y6g=="],

    "@types/node": ["@types/node@24.12.0", "", { "dependencies": { "undici-types": "~7.16.0" } }, "sha512-GYDxsZi3ChgmckRT9HPU0WEhKLP08ev/Yfcq2AstjrDASOYCSXeyjDsHg4v5t4jOj7cyDX3vmprafKlWIG9MXQ=="],

    "@types/yauzl": ["@types/yauzl@2.10.3", "", { "dependencies": { "@types/node": "*" } }, "sha512-oJoftv0LSuaDZE3Le4DbKX+KS9G36NzOeSap90UIK0yMA/NhKJhqlSGtNDORNRaIbQfzjXDrQa0ytJ6mNRGz/Q=="],

    "@typescript/native-preview": ["@typescript/native-preview@7.0.0-dev.20260514.1", "", { "optionalDependencies": { "@typescript/native-preview-darwin-arm64": "7.0.0-dev.20260514.1", "@typescript/native-preview-darwin-x64": "7.0.0-dev.20260514.1", "@typescript/native-preview-linux-arm": "7.0.0-dev.20260514.1", "@typescript/native-preview-linux-arm64": "7.0.0-dev.20260514.1", "@typescript/native-preview-linux-x64": "7.0.0-dev.20260514.1", "@typescript/native-preview-win32-arm64": "7.0.0-dev.20260514.1", "@typescript/native-preview-win32-x64": "7.0.0-dev.20260514.1" }, "bin": { "tsgo": "bin/tsgo.js" } }, "sha512-gHvZOIbpls1d7Ly0wbVQxMX0EzJU+RBjsCX+AdbyMg3dfk+ET00HksIxn8E0W9+TH6z3ipW7Iitja3VgrgZaSA=="],

    "@typescript/native-preview-darwin-arm64": ["@typescript/native-preview-darwin-arm64@7.0.0-dev.20260514.1", "", { "os": "darwin", "cpu": "arm64" }, "sha512-mA/BLJumVJ8JrJaUgl1wTzMbelXl/vuXc2AglltWSxQEL7+NtU3uG1gO+lT6igsFks7378zjEukSMmxv8FEPNw=="],

    "@typescript/native-preview-darwin-x64": ["@typescript/native-preview-darwin-x64@7.0.0-dev.20260514.1", "", { "os": "darwin", "cpu": "x64" }, "sha512-ol5OctuUZDLzQrqDUfR758p3p4x7FDzbIzu6H0XffWi7FXj0eEyDthDfULyTQmTlE8dizxCmbzC7Uv0COeedrQ=="],

    "@typescript/native-preview-linux-arm": ["@typescript/native-preview-linux-arm@7.0.0-dev.20260514.1", "", { "os": "linux", "cpu": "arm" }, "sha512-65TQUASi7+t81P94kyQopWchsVovWSfeXh5cPK2D5Oziga5of1Zzi6FQR1XUe48DYw5IBYN6DPXabcYG5Bd09A=="],

    "@typescript/native-preview-linux-arm64": ["@typescript/native-preview-linux-arm64@7.0.0-dev.20260514.1", "", { "os": "linux", "cpu": "arm64" }, "sha512-7bz4QVWdlYm2BsDhqzpmUFSAA/l0W8+1hFto3Ssl/FADEWGIqwLk8/nEzZRMYtnCYjQx5KnRwmrcxnnZtD25jA=="],

    "@typescript/native-preview-linux-x64": ["@typescript/native-preview-linux-x64@7.0.0-dev.20260514.1", "", { "os": "linux", "cpu": "x64" }, "sha512-tdnkRgD+AUw+aJ2Uz1B/sAGcqCt7FgrQMyIdEmjJUiSneIb3PeS4oxsQKp7wnPsiqOcfUlpOp7/ZEJc1oJ5ySA=="],

    "@typescript/native-preview-win32-arm64": ["@typescript/native-preview-win32-arm64@7.0.0-dev.20260514.1", "", { "os": "win32", "cpu": "arm64" }, "sha512-9nERcpvv1Ok+IlBdCa9XNvcmNaV9HO3lSTPL1heyrgKFkOyNMxycej/FYRodXFcqZE/FMJCZ5U4lpI5MvivQXQ=="],

    "@typescript/native-preview-win32-x64": ["@typescript/native-preview-win32-x64@7.0.0-dev.20260514.1", "", { "os": "win32", "cpu": "x64" }, "sha512-BFZ7ddWmFwpO+/zFEIsS2nZTD5jqixchvqeQGrPZMzd8y49RUfL5ztJm6h/jSUS8W3s/UGhQ2ibGfN0+rvfO+w=="],

    "buffer-crc32": ["buffer-crc32@0.2.13", "", {}, "sha512-VO9Ht/+p3SN7SKWqcrgEzjGbRSJYTx+Q1pTQC0wrWqHx0vpJraQ6GtHx8tvcg1rlK1byhU5gccxgOgj7B0TDkQ=="],

    "debug": ["debug@4.4.3", "", { "dependencies": { "ms": "^2.1.3" } }, "sha512-RGwwWnwQvkVfavKVt22FGLw+xYSdzARwm0ru6DhTVA3umU5hZc28V3kO4stgYryrTlLpuvgI9GiijltAjNbcqA=="],

    "electron": ["electron@42.1.0", "", { "dependencies": { "@electron/get": "^5.0.0", "@types/node": "^24.9.0", "extract-zip": "^2.0.1" }, "bin": { "electron": "cli.js", "install-electron": "install.js" } }, "sha512-0szNwC/0dWtkvNce5j3ThiuL0TxBNrZN/BZhdOiGwbLreiD/+u3MGpkct4hA5Ycagb8MXjpEr5/oosi+FwuKRQ=="],

    "end-of-stream": ["end-of-stream@1.4.5", "", { "dependencies": { "once": "^1.4.0" } }, "sha512-ooEGc6HP26xXq/N+GCGOT0JKCLDGrq2bQUZrQ7gyrJiZANJ/8YDTxTpQBXGMn+WbIQXNVpyWymm7KYVICQnyOg=="],

    "env-paths": ["env-paths@3.0.0", "", {}, "sha512-dtJUTepzMW3Lm/NPxRf3wP4642UWhjL2sQxc+ym2YMj1m/H2zDNQOlezafzkHwn6sMstjHTwG6iQQsctDW/b1A=="],

    "extract-zip": ["extract-zip@2.0.1", "", { "dependencies": { "debug": "^4.1.1", "get-stream": "^5.1.0", "yauzl": "^2.10.0" }, "optionalDependencies": { "@types/yauzl": "^2.9.1" }, "bin": { "extract-zip": "cli.js" } }, "sha512-GDhU9ntwuKyGXdZBUgTIe+vXnWj0fppUEtMDL0+idd5Sta8TGpHssn/eusA9mrPr9qNDym6SxAYZjNvCn/9RBg=="],

    "fd-slicer": ["fd-slicer@1.1.0", "", { "dependencies": { "pend": "~1.2.0" } }, "sha512-cE1qsB/VwyQozZ+q1dGxR8LBYNZeofhEdUNGSMbQD3Gw2lAzX9Zb3uIU6Ebc/Fmyjo9AWWfnn0AUCHqtevs/8g=="],

    "get-stream": ["get-stream@5.2.0", "", { "dependencies": { "pump": "^3.0.0" } }, "sha512-nBF+F1rAZVCu/p7rjzgA+Yb4lfYXrpl7a6VmJrU8wF9I1CKvP/QwPNZHnOlwbTkY6dvtFIzFMSyQXbLoTQPRpA=="],

    "graceful-fs": ["graceful-fs@4.2.11", "", {}, "sha512-RbJ5/jmFcNNCcDV5o9eTnBLJ/HszWV0P73bc+Ff4nS/rJj+YaS6IGyiOL0VoBYX+l1Wrl3k63h/KrH+nhJ0XvQ=="],

    "ms": ["ms@2.1.3", "", {}, "sha512-6FlzubTLZG3J2a/NVCAleEhjzq5oxgHyaCU9yYXvcLsvoVaHJq/s5xXI6/XXP6tz7R9xAOtHnSO/tXtF3WRTlA=="],

    "once": ["once@1.4.0", "", { "dependencies": { "wrappy": "1" } }, "sha512-lNaJgI+2Q5URQBkccEKHTQOPaXdUxnZZElQTZY0MFUAuaEqe1E+Nyvgdz/aIyNi6Z9MzO5dv1H8n58/GELp3+w=="],

    "pend": ["pend@1.2.0", "", {}, "sha512-F3asv42UuXchdzt+xXqfW1OGlVBe+mxa2mqI0pg5yAHZPvFmY3Y6drSf/GQ1A86WgWEN9Kzh/WrgKa6iGcHXLg=="],

    "progress": ["progress@2.0.3", "", {}, "sha512-7PiHtLll5LdnKIMw100I+8xJXR5gW2QwWYkT6iJva0bXitZKa/XMrSbdmg3r2Xnaidz9Qumd0VPaMrZlF9V9sA=="],

    "pump": ["pump@3.0.4", "", { "dependencies": { "end-of-stream": "^1.1.0", "once": "^1.3.1" } }, "sha512-VS7sjc6KR7e1ukRFhQSY5LM2uBWAUPiOPa/A3mkKmiMwSmRFUITt0xuj+/lesgnCv+dPIEYlkzrcyXgquIHMcA=="],

    "semver": ["semver@7.8.0", "", { "bin": { "semver": "bin/semver.js" } }, "sha512-AcM7dV/5ul4EekoQ29Agm5vri8JNqRyj39o0qpX6vDF2GZrtutZl5RwgD1XnZjiTAfncsJhMI48QQH3sN87YNA=="],

    "sumchecker": ["sumchecker@3.0.1", "", { "dependencies": { "debug": "^4.1.0" } }, "sha512-MvjXzkz/BOfyVDkG0oFOtBxHX2u3gKbMHIF/dXblZsgD3BWOFLmHovIpZY7BykJdAjcqRCBi1WYBNdEC9yI7vg=="],

    "undici": ["undici@7.25.0", "", {}, "sha512-xXnp4kTyor2Zq+J1FfPI6Eq3ew5h6Vl0F/8d9XU5zZQf1tX9s2Su1/3PiMmUANFULpmksxkClamIZcaUqryHsQ=="],

    "undici-types": ["undici-types@7.16.0", "", {}, "sha512-Zz+aZWSj8LE6zoxD+xrjh4VfkIG8Ya6LvYkZqtUQGJPZjYl53ypCaUwWqo7eI0x66KBGeRo+mlBEkMSeSZ38Nw=="],

    "wrappy": ["wrappy@1.0.2", "", {}, "sha512-l4Sp/DRseor9wL6EvV2+TuQn63dMkPjZ/sp9XkghTEbV9KlPS1xUsZ3u7/IQO4wxtcFB4bgpQPRcR3QCvezPcQ=="],

    "yauzl": ["yauzl@2.10.0", "", { "dependencies": { "buffer-crc32": "~0.2.3", "fd-slicer": "~1.1.0" } }, "sha512-p4a9I6X6nu6IhoGmBqAcbJy1mlC4j27vEPZX9F4L4/vZT3Lyq1VkFHw/V/PUcB9Buo+DG3iHkT0x3Qya58zc3g=="],

    "@types/yauzl/@types/node": ["@types/node@22.19.15", "", { "dependencies": { "undici-types": "~6.21.0" } }, "sha512-F0R/h2+dsy5wJAUe3tAU6oqa2qbWY5TpNfL/RGmo1y38hiyO1w3x2jPtt76wmuaJI4DQnOBu21cNXQ2STIUUWg=="],

    "@types/yauzl/@types/node/undici-types": ["undici-types@6.21.0", "", {}, "sha512-iwDZqg0QAGrg9Rav5H4n0M64c3mkR59cJ6wQp+7C4nI0gsmExaedaYLNO44eT4AtBBwjbTiGPMlt2Md0T9H9JQ=="],
  }
}
